
Microsoft Visual Studio Solution File, Format Version 12.00
# Visual Studio Version 16
VisualStudioVersion = 16.0.31624.102
MinimumVisualStudioVersion = 10.0.40219.1
Project("{FAE04EC0-301F-11D3-BF4B-00C04F79EFBC}") = "bank", "bank\bank.csproj", "{683FB11B-BCC1-42E6-80B6-AF283C78C641}"
EndProject
Global
	GlobalSection(SolutionConfigurationPlatforms) = preSolution
		Debug|Any CPU = Debug|Any CPU
		Release|Any CPU = Release|Any CPU
	EndGlobalSection
	GlobalSection(ProjectConfigurationPlatforms) = postSolution
		{683FB11B-BCC1-42E6-80B6-AF283C78C641}.Debug|Any CPU.ActiveCfg = Debug|Any CPU
		{683FB11B-BCC1-42E6-80B6-AF283C78C641}.Debug|Any CPU.Build.0 = Debug|Any CPU
		{683FB11B-BCC1-42E6-80B6-AF283C78C641}.Release|Any CPU.ActiveCfg = Release|Any CPU
		{683FB11B-BCC1-42E6-80B6-AF283C78C641}.Release|Any CPU.Build.0 = Release|Any CPU
	EndGlobalSection
	GlobalSection(SolutionProperties) = preSolution
		HideSolutionNode = FALSE
	EndGlobalSection
	GlobalSection(ExtensibilityGlobals) = postSolution
		SolutionGuid = {8E4F1A8A-CFD6-4F0F-848C-69C076611529}
	EndGlobalSection
EndGlobal
